
Microsoft Visual Studio Solution File, Format Version 12.00
# Visual Studio Version 16
VisualStudioVersion = 16.0.32126.315
MinimumVisualStudioVersion = 10.0.40219.1
Project("{FAE04EC0-301F-11D3-BF4B-00C04F79EFBC}") = "CSharpHomeWorkDay8Garage", "CSharpHomeWorkDay8Garage\CSharpHomeWorkDay8Garage.csproj", "{B3DAC774-5257-4A80-9C26-D369CA291234}"
EndProject
Global
	GlobalSection(SolutionConfigurationPlatforms) = preSolution
		Debug|Any CPU = Debug|Any CPU
		Release|Any CPU = Release|Any CPU
	EndGlobalSection
	GlobalSection(ProjectConfigurationPlatforms) = postSolution
		{B3DAC774-5257-4A80-9C26-D369CA291234}.Debug|Any CPU.ActiveCfg = Debug|Any CPU
		{B3DAC774-5257-4A80-9C26-D369CA291234}.Debug|Any CPU.Build.0 = Debug|Any CPU
		{B3DAC774-5257-4A80-9C26-D369CA291234}.Release|Any CPU.ActiveCfg = Release|Any CPU
		{B3DAC774-5257-4A80-9C26-D369CA291234}.Release|Any CPU.Build.0 = Release|Any CPU
	EndGlobalSection
	GlobalSection(SolutionProperties) = preSolution
		HideSolutionNode = FALSE
	EndGlobalSection
	GlobalSection(ExtensibilityGlobals) = postSolution
		SolutionGuid = {20B0A38F-A1CB-4D42-8A80-E77A140D3741}
	EndGlobalSection
EndGlobal
